
Microsoft Visual Studio Solution File, Format Version 10.00
# Visual Studio 2008
Project("{FAE04EC0-301F-11D3-BF4B-00C04F79EFBC}") = "SerialPort TerminalCF", "SerialPort TerminalCF\SerialPort TerminalCF.csproj", "{AC523C04-E260-40C1-86CD-1595A4CD5276}"
EndProject
Global
	GlobalSection(SolutionConfigurationPlatforms) = preSolution
		Debug|Any CPU = Debug|Any CPU
		Release|Any CPU = Release|Any CPU
	EndGlobalSection
	GlobalSection(ProjectConfigurationPlatforms) = postSolution
		{AC523C04-E260-40C1-86CD-1595A4CD5276}.Debug|Any CPU.ActiveCfg = Debug|Any CPU
		{AC523C04-E260-40C1-86CD-1595A4CD5276}.Debug|Any CPU.Build.0 = Debug|Any CPU
		{AC523C04-E260-40C1-86CD-1595A4CD5276}.Debug|Any CPU.Deploy.0 = Debug|Any CPU
		{AC523C04-E260-40C1-86CD-1595A4CD5276}.Release|Any CPU.ActiveCfg = Release|Any CPU
		{AC523C04-E260-40C1-86CD-1595A4CD5276}.Release|Any CPU.Build.0 = Release|Any CPU
		{AC523C04-E260-40C1-86CD-1595A4CD5276}.Release|Any CPU.Deploy.0 = Release|Any CPU
	EndGlobalSection
	GlobalSection(SolutionProperties) = preSolution
		HideSolutionNode = FALSE
	EndGlobalSection
EndGlobal
